
Microsoft Visual Studio Solution File, Format Version 12.00
# Visual Studio 15
VisualStudioVersion = 15.0.33529.398
MinimumVisualStudioVersion = 10.0.40219.1
Project("{9A19103F-16F7-4668-BE54-9A1E7A4F7556}") = "Ecommerce1", "Ecommerce1.csproj", "{D0743CCB-2ED8-4A42-BEA9-B6ECBBEA8DF4}"
EndProject
Global
	GlobalSection(SolutionConfigurationPlatforms) = preSolution
		Debug|Any CPU = Debug|Any CPU
		Release|Any CPU = Release|Any CPU
	EndGlobalSection
	GlobalSection(ProjectConfigurationPlatforms) = postSolution
		{D0743CCB-2ED8-4A42-BEA9-B6ECBBEA8DF4}.Debug|Any CPU.ActiveCfg = Debug|Any CPU
		{D0743CCB-2ED8-4A42-BEA9-B6ECBBEA8DF4}.Debug|Any CPU.Build.0 = Debug|Any CPU
		{D0743CCB-2ED8-4A42-BEA9-B6ECBBEA8DF4}.Release|Any CPU.ActiveCfg = Release|Any CPU
		{D0743CCB-2ED8-4A42-BEA9-B6ECBBEA8DF4}.Release|Any CPU.Build.0 = Release|Any CPU
	EndGlobalSection
	GlobalSection(SolutionProperties) = preSolution
		HideSolutionNode = FALSE
	EndGlobalSection
	GlobalSection(ExtensibilityGlobals) = postSolution
		SolutionGuid = {B4CB185E-D942-4776-987D-951105A2A5B1}
	EndGlobalSection
EndGlobal
